
Microsoft Visual Studio Solution File, Format Version 12.00
# Visual Studio 2012
Project("{FAE04EC0-301F-11D3-BF4B-00C04F79EFBC}") = "OwinWebApi", "OwinWebApi.csproj", "{F8A81B1E-0215-4F48-B230-3114E5B81AE5}"
EndProject
Global
	GlobalSection(SolutionConfigurationPlatforms) = preSolution
		Debug|Any CPU = Debug|Any CPU
		Release|Any CPU = Release|Any CPU
	EndGlobalSection
	GlobalSection(ProjectConfigurationPlatforms) = postSolution
		{F8A81B1E-0215-4F48-B230-3114E5B81AE5}.Debug|Any CPU.ActiveCfg = Debug|Any CPU
		{F8A81B1E-0215-4F48-B230-3114E5B81AE5}.Debug|Any CPU.Build.0 = Debug|Any CPU
		{F8A81B1E-0215-4F48-B230-3114E5B81AE5}.Release|Any CPU.ActiveCfg = Release|Any CPU
		{F8A81B1E-0215-4F48-B230-3114E5B81AE5}.Release|Any CPU.Build.0 = Release|Any CPU
	EndGlobalSection
	GlobalSection(SolutionProperties) = preSolution
		HideSolutionNode = FALSE
	EndGlobalSection
EndGlobal
